// !$*UTF8*$!
{
	archiveVersion = 1;
	classes = {
	};
	objectVersion = 46;
	objects = {

/* Begin PBXBuildFile section */
		685CFCC11A92DB3D001C168C /* main.m in Sources */ = {isa = PBXBuildFile; fileRef = 685CFCC01A92DB3D001C168C /* main.m */; };
		685CFCC41A92DB3D001C168C /* AppDelegate.m in Sources */ = {isa = PBXBuildFile; fileRef = 685CFCC31A92DB3D001C168C /* AppDelegate.m */; };
		685CFCC71A92DB3D001C168C /* ViewController.m in Sources */ = {isa = PBXBuildFile; fileRef = 685CFCC61A92DB3D001C168C /* ViewController.m */; };
		685CFCCA1A92DB3D001C168C /* Main.storyboard in Resources */ = {isa = PBXBuildFile; fileRef = 685CFCC81A92DB3D001C168C /* Main.storyboard */; };
		685CFCCC1A92DB3D001C168C /* Images.xcassets in Resources */ = {isa = PBXBuildFile; fileRef = 685CFCCB1A92DB3D001C168C /* Images.xcassets */; };
		685CFCCF1A92DB3D001C168C /* LaunchScreen.xib in Resources */ = {isa = PBXBuildFile; fileRef = 685CFCCD1A92DB3D001C168C /* LaunchScreen.xib */; };
		685CFCDB1A92DB3D001C168C /* tab_tabTests.m in Sources */ = {isa = PBXBuildFile; fileRef = 685CFCDA1A92DB3D001C168C /* tab_tabTests.m */; };
/* End PBXBuildFile section */

/* Begin PBXContainerItemProxy section */
		685CFCD51A92DB3D001C168C /* PBXContainerItemProxy */ = {
			isa = PBXContainerItemProxy;
			containerPortal = 685CFCB31A92DB3D001C168C /* Project object */;
			proxyType = 1;
			remoteGlobalIDString = 685CFCBA1A92DB3D001C168C;
			remoteInfo = "tab！tab";
		};
/* End PBXContainerItemProxy section */

/* Begin PBXFileReference section */
		685CFCBB1A92DB3D001C168C /* tab！tab.app */ = {isa = PBXFileReference; explicitFileType = wrapper.application; includeInIndex = 0; path = "tab！tab.app"; sourceTree = BUILT_PRODUCTS_DIR; };
		685CFCBF1A92DB3D001C168C /* Info.plist */ = {isa = PBXFileReference; lastKnownFileType = text.plist.xml; path = Info.plist; sourceTree = "<group>"; };
		685CFCC01A92DB3D001C168C /* main.m */ = {isa = PBXFileReference; lastKnownFileType = sourcecode.c.objc; path = main.m; sourceTree = "<group>"; };
		685CFCC21A92DB3D001C168C /* AppDelegate.h */ = {isa = PBXFileReference; lastKnownFileType = sourcecode.c.h; path = AppDelegate.h; sourceTree = "<group>"; };
		685CFCC31A92DB3D001C168C /* AppDelegate.m */ = {isa = PBXFileReference; lastKnownFileType = sourcecode.c.objc; path = AppDelegate.m; sourceTree = "<group>"; };
		685CFCC51A92DB3D001C168C /* ViewController.h */ = {isa = PBXFileReference; lastKnownFileType = sourcecode.c.h; path = ViewController.h; sourceTree = "<group>"; };
		685CFCC61A92DB3D001C168C /* ViewController.m */ = {isa = PBXFileReference; lastKnownFileType = sourcecode.c.objc; path = ViewController.m; sourceTree = "<group>"; };
		685CFCC91A92DB3D001C168C /* Base */ = {isa = PBXFileReference; lastKnownFileType = file.storyboard; name = Base; path = Base.lproj/Main.storyboard; sourceTree = "<group>"; };
		685CFCCB1A92DB3D001C168C /* Images.xcassets */ = {isa = PBXFileReference; lastKnownFileType = folder.assetcatalog; path = Images.xcassets; sourceTree = "<group>"; };
		685CFCCE1A92DB3D001C168C /* Base */ = {isa = PBXFileReference; lastKnownFileType = file.xib; name = Base; path = Base.lproj/LaunchScreen.xib; sourceTree = "<group>"; };
		685CFCD41A92DB3D001C168C /* tab！tabTests.xctest */ = {isa = PBXFileReference; explicitFileType = wrapper.cfbundle; includeInIndex = 0; path = "tab！tabTests.xctest"; sourceTree = BUILT_PRODUCTS_DIR; };
		685CFCD91A92DB3D001C168C /* Info.plist */ = {isa = PBXFileReference; lastKnownFileType = text.plist.xml; path = Info.plist; sourceTree = "<group>"; };
		685CFCDA1A92DB3D001C168C /* tab_tabTests.m */ = {isa = PBXFileReference; lastKnownFileType = sourcecode.c.objc; path = tab_tabTests.m; sourceTree = "<group>"; };
/* End PBXFileReference section */

/* Begin PBXFrameworksBuildPhase section */
		685CFCB81A92DB3D001C168C /* Frameworks */ = {
			isa = PBXFrameworksBuildPhase;
			buildActionMask = 2147483647;
			files = (
			);
			runOnlyForDeploymentPostprocessing = 0;
		};
		685CFCD11A92DB3D001C168C /* Frameworks */ = {
			isa = PBXFrameworksBuildPhase;
			buildActionMask = 2147483647;
			files = (
			);
			runOnlyForDeploymentPostprocessing = 0;
		};
/* End PBXFrameworksBuildPhase section */

/* Begin PBXGroup section */
		685CFCB21A92DB3D001C168C = {
			isa = PBXGroup;
			children = (
				685CFCBD1A92DB3D001C168C /* tab！tab */,
				685CFCD71A92DB3D001C168C /* tab！tabTests */,
				685CFCBC1A92DB3D001C168C /* Products */,
			);
			sourceTree = "<group>";
		};
		685CFCBC1A92DB3D001C168C /* Products */ = {
			isa = PBXGroup;
			children = (
				685CFCBB1A92DB3D001C168C /* tab！tab.app */,
				685CFCD41A92DB3D001C168C /* tab！tabTests.xctest */,
			);
			name = Products;
			sourceTree = "<group>";
		};
		685CFCBD1A92DB3D001C168C /* tab！tab */ = {
			isa = PBXGroup;
			children = (
				685CFCC21A92DB3D001C168C /* AppDelegate.h */,
				685CFCC31A92DB3D001C168C /* AppDelegate.m */,
				685CFCC51A92DB3D001C168C /* ViewController.h */,
				685CFCC61A92DB3D001C168C /* ViewController.m */,
				685CFCC81A92DB3D001C168C /* Main.storyboard */,
				685CFCCB1A92DB3D001C168C /* Images.xcassets */,
				685CFCCD1A92DB3D001C168C /* LaunchScreen.xib */,
				685CFCBE1A92DB3D001C168C /* Supporting Files */,
			);
			path = "tab！tab";
			sourceTree = "<group>";
		};
		685CFCBE1A92DB3D001C168C /* Supporting Files */ = {
			isa = PBXGroup;
			children = (
				685CFCBF1A92DB3D001C168C /* Info.plist */,
				685CFCC01A92DB3D001C168C /* main.m */,
			);
			name = "Supporting Files";
			sourceTree = "<group>";
		};
		685CFCD71A92DB3D001C168C /* tab！tabTests */ = {
			isa = PBXGroup;
			children = (
				685CFCDA1A92DB3D001C168C /* tab_tabTests.m */,
				685CFCD81A92DB3D001C168C /* Supporting Files */,
			);
			path = "tab！tabTests";
			sourceTree = "<group>";
		};
		685CFCD81A92DB3D001C168C /* Supporting Files */ = {
			isa = PBXGroup;
			children = (
				685CFCD91A92DB3D001C168C /* Info.plist */,
			);
			name = "Supporting Files";
			sourceTree = "<group>";
		};
/* End PBXGroup section */

/* Begin PBXNativeTarget section */
		685CFCBA1A92DB3D001C168C /* tab！tab */ = {
			isa = PBXNativeTarget;
			buildConfigurationList = 685CFCDE1A92DB3D001C168C /* Build configuration list for PBXNativeTarget "tab！tab" */;
			buildPhases = (
				685CFCB71A92DB3D001C168C /* Sources */,
				685CFCB81A92DB3D001C168C /* Frameworks */,
				685CFCB91A92DB3D001C168C /* Resources */,
			);
			buildRules = (
			);
			dependencies = (
			);
			name = "tab！tab";
			productName = "tab！tab";
			productReference = 685CFCBB1A92DB3D001C168C /* tab！tab.app */;
			productType = "com.apple.product-type.application";
		};
		685CFCD31A92DB3D001C168C /* tab！tabTests */ = {
			isa = PBXNativeTarget;
			buildConfigurationList = 685CFCE11A92DB3D001C168C /* Build configuration list for PBXNativeTarget "tab！tabTests" */;
			buildPhases = (
				685CFCD01A92DB3D001C168C /* Sources */,
				685CFCD11A92DB3D001C168C /* Frameworks */,
				685CFCD21A92DB3D001C168C /* Resources */,
			);
			buildRules = (
			);
			dependencies = (
				685CFCD61A92DB3D001C168C /* PBXTargetDependency */,
			);
			name = "tab！tabTests";
			productName = "tab！tabTests";
			productReference = 685CFCD41A92DB3D001C168C /* tab！tabTests.xctest */;
			productType = "com.apple.product-type.bundle.unit-test";
		};
/* End PBXNativeTarget section */

/* Begin PBXProject section */
		685CFCB31A92DB3D001C168C /* Project object */ = {
			isa = PBXProject;
			attributes = {
				LastUpgradeCheck = 0610;
				ORGANIZATIONNAME = kt;
				TargetAttributes = {
					685CFCBA1A92DB3D001C168C = {
						CreatedOnToolsVersion = 6.1.1;
					};
					685CFCD31A92DB3D001C168C = {
						CreatedOnToolsVersion = 6.1.1;
						TestTargetID = 685CFCBA1A92DB3D001C168C;
					};
				};
			};
			buildConfigurationList = 685CFCB61A92DB3D001C168C /* Build configuration list for PBXProject "tab！tab" */;
			compatibilityVersion = "Xcode 3.2";
			developmentRegion = English;
			hasScannedForEncodings = 0;
			knownRegions = (
				en,
				Base,
			);
			mainGroup = 685CFCB21A92DB3D001C168C;
			productRefGroup = 685CFCBC1A92DB3D001C168C /* Products */;
			projectDirPath = "";
			projectRoot = "";
			targets = (
				685CFCBA1A92DB3D001C168C /* tab！tab */,
				685CFCD31A92DB3D001C168C /* tab！tabTests */,
			);
		};
/* End PBXProject section */

/* Begin PBXResourcesBuildPhase section */
		685CFCB91A92DB3D001C168C /* Resources */ = {
			isa = PBXResourcesBuildPhase;
			buildActionMask = 2147483647;
			files = (
				685CFCCA1A92DB3D001C168C /* Main.storyboard in Resources */,
				685CFCCF1A92DB3D001C168C /* LaunchScreen.xib in Resources */,
				685CFCCC1A92DB3D001C168C /* Images.xcassets in Resources */,
			);
			runOnlyForDeploymentPostprocessing = 0;
		};
		685CFCD21A92DB3D001C168C /* Resources */ = {
			isa = PBXResourcesBuildPhase;
			buildActionMask = 2147483647;
			files = (
			);
			runOnlyForDeploymentPostprocessing = 0;
		};
/* End PBXResourcesBuildPhase section */

/* Begin PBXSourcesBuildPhase section */
		685CFCB71A92DB3D001C168C /* Sources */ = {
			isa = PBXSourcesBuildPhase;
			buildActionMask = 2147483647;
			files = (
				685CFCC71A92DB3D001C168C /* ViewController.m in Sources */,
				685CFCC41A92DB3D001C168C /* AppDelegate.m in Sources */,
				685CFCC11A92DB3D001C168C /* main.m in Sources */,
			);
			runOnlyForDeploymentPostprocessing = 0;
		};
		685CFCD01A92DB3D001C168C /* Sources */ = {
			isa = PBXSourcesBuildPhase;
			buildActionMask = 2147483647;
			files = (
				685CFCDB1A92DB3D001C168C /* tab_tabTests.m in Sources */,
			);
			runOnlyForDeploymentPostprocessing = 0;
		};
/* End PBXSourcesBuildPhase section */

/* Begin PBXTargetDependency section */
		685CFCD61A92DB3D001C168C /* PBXTargetDependency */ = {
			isa = PBXTargetDependency;
			target = 685CFCBA1A92DB3D001C168C /* tab！tab */;
			targetProxy = 685CFCD51A92DB3D001C168C /* PBXContainerItemProxy */;
		};
/* End PBXTargetDependency section */

/* Begin PBXVariantGroup section */
		685CFCC81A92DB3D001C168C /* Main.storyboard */ = {
			isa = PBXVariantGroup;
			children = (
				685CFCC91A92DB3D001C168C /* Base */,
			);
			name = Main.storyboard;
			sourceTree = "<group>";
		};
		685CFCCD1A92DB3D001C168C /* LaunchScreen.xib */ = {
			isa = PBXVariantGroup;
			children = (
				685CFCCE1A92DB3D001C168C /* Base */,
			);
			name = LaunchScreen.xib;
			sourceTree = "<group>";
		};
/* End PBXVariantGroup section */

/* Begin XCBuildConfiguration section */
		685CFCDC1A92DB3D001C168C /* Debug */ = {
			isa = XCBuildConfiguration;
			buildSettings = {
				ALWAYS_SEARCH_USER_PATHS = NO;
				CLANG_CXX_LANGUAGE_STANDARD = "gnu++0x";
				CLANG_CXX_LIBRARY = "libc++";
				CLANG_ENABLE_MODULES = YES;
				CLANG_ENABLE_OBJC_ARC = YES;
				CLANG_WARN_BOOL_CONVERSION = YES;
				CLANG_WARN_CONSTANT_CONVERSION = YES;
				CLANG_WARN_DIRECT_OBJC_ISA_USAGE = YES_ERROR;
				CLANG_WARN_EMPTY_BODY = YES;
				CLANG_WARN_ENUM_CONVERSION = YES;
				CLANG_WARN_INT_CONVERSION = YES;
				CLANG_WARN_OBJC_ROOT_CLASS = YES_ERROR;
				CLANG_WARN_UNREACHABLE_CODE = YES;
				CLANG_WARN__DUPLICATE_METHOD_MATCH = YES;
				"CODE_SIGN_IDENTITY[sdk=iphoneos*]" = "iPhone Developer";
				COPY_PHASE_STRIP = NO;
				ENABLE_STRICT_OBJC_MSGSEND = YES;
				GCC_C_LANGUAGE_STANDARD = gnu99;
				GCC_DYNAMIC_NO_PIC = NO;
				GCC_OPTIMIZATION_LEVEL = 0;
				GCC_PREPROCESSOR_DEFINITIONS = (
					"DEBUG=1",
					"$(inherited)",
				);
				GCC_SYMBOLS_PRIVATE_EXTERN = NO;
				GCC_WARN_64_TO_32_BIT_CONVERSION = YES;
				GCC_WARN_ABOUT_RETURN_TYPE = YES_ERROR;
				GCC_WARN_UNDECLARED_SELECTOR = YES;
				GCC_WARN_UNINITIALIZED_AUTOS = YES_AGGRESSIVE;
				GCC_WARN_UNUSED_FUNCTION = YES;
				GCC_WARN_UNUSED_VARIABLE = YES;
				IPHONEOS_DEPLOYMENT_TARGET = 8.1;
				MTL_ENABLE_DEBUG_INFO = YES;
				ONLY_ACTIVE_ARCH = YES;
				SDKROOT = iphoneos;
				TARGETED_DEVICE_FAMILY = "1,2";
			};
			name = Debug;
		};
		685CFCDD1A92DB3D001C168C /* Release */ = {
			isa = XCBuildConfiguration;
			buildSettings = {
				ALWAYS_SEARCH_USER_PATHS = NO;
				CLANG_CXX_LANGUAGE_STANDARD = "gnu++0x";
				CLANG_CXX_LIBRARY = "libc++";
				CLANG_ENABLE_MODULES = YES;
				CLANG_ENABLE_OBJC_ARC = YES;
				CLANG_WARN_BOOL_CONVERSION = YES;
				CLANG_WARN_CONSTANT_CONVERSION = YES;
				CLANG_WARN_DIRECT_OBJC_ISA_USAGE = YES_ERROR;
				CLANG_WARN_EMPTY_BODY = YES;
				CLANG_WARN_ENUM_CONVERSION = YES;
				CLANG_WARN_INT_CONVERSION = YES;
				CLANG_WARN_OBJC_ROOT_CLASS = YES_ERROR;
				CLANG_WARN_UNREACHABLE_CODE = YES;
				CLANG_WARN__DUPLICATE_METHOD_MATCH = YES;
				"CODE_SIGN_IDENTITY[sdk=iphoneos*]" = "iPhone Developer";
				COPY_PHASE_STRIP = YES;
				ENABLE_NS_ASSERTIONS = NO;
				ENABLE_STRICT_OBJC_MSGSEND = YES;
				GCC_C_LANGUAGE_STANDARD = gnu99;
				GCC_WARN_64_TO_32_BIT_CONVERSION = YES;
				GCC_WARN_ABOUT_RETURN_TYPE = YES_ERROR;
				GCC_WARN_UNDECLARED_SELECTOR = YES;
				GCC_WARN_UNINITIALIZED_AUTOS = YES_AGGRESSIVE;
				GCC_WARN_UNUSED_FUNCTION = YES;
				GCC_WARN_UNUSED_VARIABLE = YES;
				IPHONEOS_DEPLOYMENT_TARGET = 8.1;
				MTL_ENABLE_DEBUG_INFO = NO;
				SDKROOT = iphoneos;
				TARGETED_DEVICE_FAMILY = "1,2";
				VALIDATE_PRODUCT = YES;
			};
			name = Release;
		};
		685CFCDF1A92DB3D001C168C /* Debug */ = {
			isa = XCBuildConfiguration;
			buildSettings = {
				ASSETCATALOG_COMPILER_APPICON_NAME = AppIcon;
				INFOPLIST_FILE = "tab！tab/Info.plist";
				LD_RUNPATH_SEARCH_PATHS = "$(inherited) @executable_path/Frameworks";
				PRODUCT_NAME = "$(TARGET_NAME)";
			};
			name = Debug;
		};
		685CFCE01A92DB3D001C168C /* Release */ = {
			isa = XCBuildConfiguration;
			buildSettings = {
				ASSETCATALOG_COMPILER_APPICON_NAME = AppIcon;
				INFOPLIST_FILE = "tab！tab/Info.plist";
				LD_RUNPATH_SEARCH_PATHS = "$(inherited) @executable_path/Frameworks";
				PRODUCT_NAME = "$(TARGET_NAME)";
			};
			name = Release;
		};
		685CFCE21A92DB3D001C168C /* Debug */ = {
			isa = XCBuildConfiguration;
			buildSettings = {
				BUNDLE_LOADER = "$(TEST_HOST)";
				FRAMEWORK_SEARCH_PATHS = (
					"$(SDKROOT)/Developer/Library/Frameworks",
					"$(inherited)",
				);
				GCC_PREPROCESSOR_DEFINITIONS = (
					"DEBUG=1",
					"$(inherited)",
				);
				INFOPLIST_FILE = "tab！tabTests/Info.plist";
				LD_RUNPATH_SEARCH_PATHS = "$(inherited) @executable_path/Frameworks @loader_path/Frameworks";
				PRODUCT_NAME = "$(TARGET_NAME)";
				TEST_HOST = "$(BUILT_PRODUCTS_DIR)/tab！tab.app/tab！tab";
			};
			name = Debug;
		};
		685CFCE31A92DB3D001C168C /* Release */ = {
			isa = XCBuildConfiguration;
			buildSettings = {
				BUNDLE_LOADER = "$(TEST_HOST)";
				FRAMEWORK_SEARCH_PATHS = (
					"$(SDKROOT)/Developer/Library/Frameworks",
					"$(inherited)",
				);
				INFOPLIST_FILE = "tab！tabTests/Info.plist";
				LD_RUNPATH_SEARCH_PATHS = "$(inherited) @executable_path/Frameworks @loader_path/Frameworks";
				PRODUCT_NAME = "$(TARGET_NAME)";
				TEST_HOST = "$(BUILT_PRODUCTS_DIR)/tab！tab.app/tab！tab";
			};
			name = Release;
		};
/* End XCBuildConfiguration section */

/* Begin XCConfigurationList section */
		685CFCB61A92DB3D001C168C /* Build configuration list for PBXProject "tab！tab" */ = {
			isa = XCConfigurationList;
			buildConfigurations = (
				685CFCDC1A92DB3D001C168C /* Debug */,
				685CFCDD1A92DB3D001C168C /* Release */,
			);
			defaultConfigurationIsVisible = 0;
			defaultConfigurationName = Release;
		};
		685CFCDE1A92DB3D001C168C /* Build configuration list for PBXNativeTarget "tab！tab" */ = {
			isa = XCConfigurationList;
			buildConfigurations = (
				685CFCDF1A92DB3D001C168C /* Debug */,
				685CFCE01A92DB3D001C168C /* Release */,
			);
			defaultConfigurationIsVisible = 0;
		};
		685CFCE11A92DB3D001C168C /* Build configuration list for PBXNativeTarget "tab！tabTests" */ = {
			isa = XCConfigurationList;
			buildConfigurations = (
				685CFCE21A92DB3D001C168C /* Debug */,
				685CFCE31A92DB3D001C168C /* Release */,
			);
			defaultConfigurationIsVisible = 0;
		};
/* End XCConfigurationList section */
	};
	rootObject = 685CFCB31A92DB3D001C168C /* Project object */;
}
